// !$*UTF8*$!
{
	archiveVersion = 1;
	classes = {
	};
	objectVersion = 77;
	objects = {

/* Begin PBXContainerItemProxy section */
		01BC1D5D2EAF7DBF00CE866E /* PBXContainerItemProxy */ = {
			isa = PBXContainerItemProxy;
			containerPortal = 01BC1D452EAF7DBB00CE866E /* Project object */;
			proxyType = 1;
			remoteGlobalIDString = 01BC1D4C2EAF7DBB00CE866E;
			remoteInfo = MFTalk;
		};
		01BC1D672EAF7DBF00CE866E /* PBXContainerItemProxy */ = {
			isa = PBXContainerItemProxy;
			containerPortal = 01BC1D452EAF7DBB00CE866E /* Project object */;
			proxyType = 1;
			remoteGlobalIDString = 01BC1D4C2EAF7DBB00CE866E;
			remoteInfo = MFTalk;
		};
/* End PBXContainerItemProxy section */

/* Begin PBXFileReference section */
		01BC1D4D2EAF7DBB00CE866E /* MFTalk.app */ = {isa = PBXFileReference; explicitFileType = wrapper.application; includeInIndex = 0; path = MFTalk.app; sourceTree = BUILT_PRODUCTS_DIR; };
		01BC1D5C2EAF7DBF00CE866E /* MFTalkTests.xctest */ = {isa = PBXFileReference; explicitFileType = wrapper.cfbundle; includeInIndex = 0; path = MFTalkTests.xctest; sourceTree = BUILT_PRODUCTS_DIR; };
		01BC1D662EAF7DBF00CE866E /* MFTalkUITests.xctest */ = {isa = PBXFileReference; explicitFileType = wrapper.cfbundle; includeInIndex = 0; path = MFTalkUITests.xctest; sourceTree = BUILT_PRODUCTS_DIR; };
		01CC0DD82EF9AA620030E396 /* trigger.yml */ = {isa = PBXFileReference; lastKnownFileType = text.yaml; path = trigger.yml; sourceTree = "<group>"; };
		01CC0DDB2EF9AA620030E396 /* demo.c */ = {isa = PBXFileReference; lastKnownFileType = sourcecode.c.c; path = demo.c; sourceTree = "<group>"; };
		01CC0DDC2EF9AA620030E396 /* encryption.js */ = {isa = PBXFileReference; lastKnownFileType = sourcecode.javascript; path = encryption.js; sourceTree = "<group>"; };
		01CC0DDD2EF9AA620030E396 /* encryption.py */ = {isa = PBXFileReference; lastKnownFileType = text.script.python; path = encryption.py; sourceTree = "<group>"; };
		01CC0DDF2EF9AA620030E396 /* .gitignore */ = {isa = PBXFileReference; lastKnownFileType = text; path = .gitignore; sourceTree = "<group>"; };
		01CC0DE02EF9AA620030E396 /* ambercypher.h */ = {isa = PBXFileReference; lastKnownFileType = sourcecode.c.h; path = ambercypher.h; sourceTree = "<group>"; };
		01CC0DE12EF9AA620030E396 /* README.md */ = {isa = PBXFileReference; lastKnownFileType = net.daringfireball.markdown; path = README.md; sourceTree = "<group>"; };
		01D8E5AF2EF48F5D00B8459B /* bridge.h */ = {isa = PBXFileReference; lastKnownFileType = sourcecode.c.h; path = bridge.h; sourceTree = "<group>"; };
/* End PBXFileReference section */

/* Begin PBXFileSystemSynchronizedBuildFileExceptionSet section */
		0140AED92EF1851100E5B85C /* Exceptions for "MFTalkUITests" folder in "MFTalk" target */ = {
			isa = PBXFileSystemSynchronizedBuildFileExceptionSet;
			membershipExceptions = (
				mftalkicon.icon,
			);
			target = 01BC1D4C2EAF7DBB00CE866E /* MFTalk */;
		};
		0140AEDA2EF1851100E5B85C /* Exceptions for "MFTalkUITests" folder in "MFTalkUITests" target */ = {
			isa = PBXFileSystemSynchronizedBuildFileExceptionSet;
			membershipExceptions = (
				mftalkicon.icon,
			);
			target = 01BC1D652EAF7DBF00CE866E /* MFTalkUITests */;
		};
/* End PBXFileSystemSynchronizedBuildFileExceptionSet section */

/* Begin PBXFileSystemSynchronizedRootGroup section */
		01BC1D4F2EAF7DBB00CE866E /* MFTalk */ = {
			isa = PBXFileSystemSynchronizedRootGroup;
			path = MFTalk;
			sourceTree = "<group>";
		};
		01BC1D5F2EAF7DBF00CE866E /* MFTalkTests */ = {
			isa = PBXFileSystemSynchronizedRootGroup;
			path = MFTalkTests;
			sourceTree = "<group>";
		};
		01BC1D692EAF7DBF00CE866E /* MFTalkUITests */ = {
			isa = PBXFileSystemSynchronizedRootGroup;
			exceptions = (
				0140AED92EF1851100E5B85C /* Exceptions for "MFTalkUITests" folder in "MFTalk" target */,
				0140AEDA2EF1851100E5B85C /* Exceptions for "MFTalkUITests" folder in "MFTalkUITests" target */,
			);
			path = MFTalkUITests;
			sourceTree = "<group>";
		};
/* End PBXFileSystemSynchronizedRootGroup section */

/* Begin PBXFrameworksBuildPhase section */
		01BC1D4A2EAF7DBB00CE866E /* Frameworks */ = {
			isa = PBXFrameworksBuildPhase;
			buildActionMask = 2147483647;
			files = (
			);
			runOnlyForDeploymentPostprocessing = 0;
		};
		01BC1D592EAF7DBF00CE866E /* Frameworks */ = {
			isa = PBXFrameworksBuildPhase;
			buildActionMask = 2147483647;
			files = (
			);
			runOnlyForDeploymentPostprocessing = 0;
		};
		01BC1D632EAF7DBF00CE866E /* Frameworks */ = {
			isa = PBXFrameworksBuildPhase;
			buildActionMask = 2147483647;
			files = (
			);
			runOnlyForDeploymentPostprocessing = 0;
		};
/* End PBXFrameworksBuildPhase section */

/* Begin PBXGroup section */
		01BC1D442EAF7DBB00CE866E = {
			isa = PBXGroup;
			children = (
				01CC0DE22EF9AA620030E396 /* client-resources */,
				01BC1D4F2EAF7DBB00CE866E /* MFTalk */,
				01BC1D5F2EAF7DBF00CE866E /* MFTalkTests */,
				01BC1D692EAF7DBF00CE866E /* MFTalkUITests */,
				01BC1D4E2EAF7DBB00CE866E /* Products */,
				01D8E5AF2EF48F5D00B8459B /* bridge.h */,
			);
			sourceTree = "<group>";
		};
		01BC1D4E2EAF7DBB00CE866E /* Products */ = {
			isa = PBXGroup;
			children = (
				01BC1D4D2EAF7DBB00CE866E /* MFTalk.app */,
				01BC1D5C2EAF7DBF00CE866E /* MFTalkTests.xctest */,
				01BC1D662EAF7DBF00CE866E /* MFTalkUITests.xctest */,
			);
			name = Products;
			sourceTree = "<group>";
		};
		01CC0DD92EF9AA620030E396 /* workflows */ = {
			isa = PBXGroup;
			children = (
				01CC0DD82EF9AA620030E396 /* trigger.yml */,
			);
			path = workflows;
			sourceTree = "<group>";
		};
		01CC0DDA2EF9AA620030E396 /* .github */ = {
			isa = PBXGroup;
			children = (
				01CC0DD92EF9AA620030E396 /* workflows */,
			);
			path = .github;
			sourceTree = "<group>";
		};
		01CC0DDE2EF9AA620030E396 /* utils */ = {
			isa = PBXGroup;
			children = (
				01CC0DDB2EF9AA620030E396 /* demo.c */,
				01CC0DDC2EF9AA620030E396 /* encryption.js */,
				01CC0DDD2EF9AA620030E396 /* encryption.py */,
			);
			path = utils;
			sourceTree = "<group>";
		};
		01CC0DE22EF9AA620030E396 /* client-resources */ = {
			isa = PBXGroup;
			children = (
				01CC0DDA2EF9AA620030E396 /* .github */,
				01CC0DDE2EF9AA620030E396 /* utils */,
				01CC0DDF2EF9AA620030E396 /* .gitignore */,
				01CC0DE02EF9AA620030E396 /* ambercypher.h */,
				01CC0DE12EF9AA620030E396 /* README.md */,
			);
			path = "client-resources";
			sourceTree = "<group>";
		};
/* End PBXGroup section */

/* Begin PBXHeadersBuildPhase section */
		01E7F58E2EF2B6C100C66B45 /* Headers */ = {
			isa = PBXHeadersBuildPhase;
			buildActionMask = 2147483647;
			files = (
			);
			runOnlyForDeploymentPostprocessing = 0;
		};
/* End PBXHeadersBuildPhase section */

/* Begin PBXNativeTarget section */
		01BC1D4C2EAF7DBB00CE866E /* MFTalk */ = {
			isa = PBXNativeTarget;
			buildConfigurationList = 01BC1D702EAF7DBF00CE866E /* Build configuration list for PBXNativeTarget "MFTalk" */;
			buildPhases = (
				01E7F58E2EF2B6C100C66B45 /* Headers */,
				01BC1D492EAF7DBB00CE866E /* Sources */,
				01BC1D4A2EAF7DBB00CE866E /* Frameworks */,
				01BC1D4B2EAF7DBB00CE866E /* Resources */,
			);
			buildRules = (
			);
			dependencies = (
			);
			fileSystemSynchronizedGroups = (
				01BC1D4F2EAF7DBB00CE866E /* MFTalk */,
			);
			name = MFTalk;
			packageProductDependencies = (
			);
			productName = MFTalk;
			productReference = 01BC1D4D2EAF7DBB00CE866E /* MFTalk.app */;
			productType = "com.apple.product-type.application";
		};
		01BC1D5B2EAF7DBF00CE866E /* MFTalkTests */ = {
			isa = PBXNativeTarget;
			buildConfigurationList = 01BC1D732EAF7DBF00CE866E /* Build configuration list for PBXNativeTarget "MFTalkTests" */;
			buildPhases = (
				01BC1D582EAF7DBF00CE866E /* Sources */,
				01BC1D592EAF7DBF00CE866E /* Frameworks */,
				01BC1D5A2EAF7DBF00CE866E /* Resources */,
			);
			buildRules = (
			);
			dependencies = (
				01BC1D5E2EAF7DBF00CE866E /* PBXTargetDependency */,
			);
			fileSystemSynchronizedGroups = (
				01BC1D5F2EAF7DBF00CE866E /* MFTalkTests */,
			);
			name = MFTalkTests;
			packageProductDependencies = (
			);
			productName = MFTalkTests;
			productReference = 01BC1D5C2EAF7DBF00CE866E /* MFTalkTests.xctest */;
			productType = "com.apple.product-type.bundle.unit-test";
		};
		01BC1D652EAF7DBF00CE866E /* MFTalkUITests */ = {
			isa = PBXNativeTarget;
			buildConfigurationList = 01BC1D762EAF7DBF00CE866E /* Build configuration list for PBXNativeTarget "MFTalkUITests" */;
			buildPhases = (
				01BC1D622EAF7DBF00CE866E /* Sources */,
				01BC1D632EAF7DBF00CE866E /* Frameworks */,
				01BC1D642EAF7DBF00CE866E /* Resources */,
			);
			buildRules = (
			);
			dependencies = (
				01BC1D682EAF7DBF00CE866E /* PBXTargetDependency */,
			);
			fileSystemSynchronizedGroups = (
				01BC1D692EAF7DBF00CE866E /* MFTalkUITests */,
			);
			name = MFTalkUITests;
			packageProductDependencies = (
			);
			productName = MFTalkUITests;
			productReference = 01BC1D662EAF7DBF00CE866E /* MFTalkUITests.xctest */;
			productType = "com.apple.product-type.bundle.ui-testing";
		};
/* End PBXNativeTarget section */

/* Begin PBXProject section */
		01BC1D452EAF7DBB00CE866E /* Project object */ = {
			isa = PBXProject;
			attributes = {
				BuildIndependentTargetsInParallel = 1;
				LastSwiftUpdateCheck = 2600;
				LastUpgradeCheck = 2600;
				TargetAttributes = {
					01BC1D4C2EAF7DBB00CE866E = {
						CreatedOnToolsVersion = 26.0.1;
					};
					01BC1D5B2EAF7DBF00CE866E = {
						CreatedOnToolsVersion = 26.0.1;
						TestTargetID = 01BC1D4C2EAF7DBB00CE866E;
					};
					01BC1D652EAF7DBF00CE866E = {
						CreatedOnToolsVersion = 26.0.1;
						TestTargetID = 01BC1D4C2EAF7DBB00CE866E;
					};
				};
			};
			buildConfigurationList = 01BC1D482EAF7DBB00CE866E /* Build configuration list for PBXProject "MFTalk" */;
			developmentRegion = en;
			hasScannedForEncodings = 0;
			knownRegions = (
				en,
				Base,
			);
			mainGroup = 01BC1D442EAF7DBB00CE866E;
			minimizedProjectReferenceProxies = 1;
			preferredProjectObjectVersion = 77;
			productRefGroup = 01BC1D4E2EAF7DBB00CE866E /* Products */;
			projectDirPath = "";
			projectRoot = "";
			targets = (
				01BC1D4C2EAF7DBB00CE866E /* MFTalk */,
				01BC1D5B2EAF7DBF00CE866E /* MFTalkTests */,
				01BC1D652EAF7DBF00CE866E /* MFTalkUITests */,
			);
		};
/* End PBXProject section */

/* Begin PBXResourcesBuildPhase section */
		01BC1D4B2EAF7DBB00CE866E /* Resources */ = {
			isa = PBXResourcesBuildPhase;
			buildActionMask = 2147483647;
			files = (
			);
			runOnlyForDeploymentPostprocessing = 0;
		};
		01BC1D5A2EAF7DBF00CE866E /* Resources */ = {
			isa = PBXResourcesBuildPhase;
			buildActionMask = 2147483647;
			files = (
			);
			runOnlyForDeploymentPostprocessing = 0;
		};
		01BC1D642EAF7DBF00CE866E /* Resources */ = {
			isa = PBXResourcesBuildPhase;
			buildActionMask = 2147483647;
			files = (
			);
			runOnlyForDeploymentPostprocessing = 0;
		};
/* End PBXResourcesBuildPhase section */

/* Begin PBXSourcesBuildPhase section */
		01BC1D492EAF7DBB00CE866E /* Sources */ = {
			isa = PBXSourcesBuildPhase;
			buildActionMask = 2147483647;
			files = (
			);
			runOnlyForDeploymentPostprocessing = 0;
		};
		01BC1D582EAF7DBF00CE866E /* Sources */ = {
			isa = PBXSourcesBuildPhase;
			buildActionMask = 2147483647;
			files = (
			);
			runOnlyForDeploymentPostprocessing = 0;
		};
		01BC1D622EAF7DBF00CE866E /* Sources */ = {
			isa = PBXSourcesBuildPhase;
			buildActionMask = 2147483647;
			files = (
			);
			runOnlyForDeploymentPostprocessing = 0;
		};
/* End PBXSourcesBuildPhase section */

/* Begin PBXTargetDependency section */
		01BC1D5E2EAF7DBF00CE866E /* PBXTargetDependency */ = {
			isa = PBXTargetDependency;
			target = 01BC1D4C2EAF7DBB00CE866E /* MFTalk */;
			targetProxy = 01BC1D5D2EAF7DBF00CE866E /* PBXContainerItemProxy */;
		};
		01BC1D682EAF7DBF00CE866E /* PBXTargetDependency */ = {
			isa = PBXTargetDependency;
			target = 01BC1D4C2EAF7DBB00CE866E /* MFTalk */;
			targetProxy = 01BC1D672EAF7DBF00CE866E /* PBXContainerItemProxy */;
		};
/* End PBXTargetDependency section */

/* Begin XCBuildConfiguration section */
		01BC1D6E2EAF7DBF00CE866E /* Debug */ = {
			isa = XCBuildConfiguration;
			buildSettings = {
				ALWAYS_SEARCH_USER_PATHS = NO;
				ASSETCATALOG_COMPILER_GENERATE_SWIFT_ASSET_SYMBOL_EXTENSIONS = YES;
				CLANG_ANALYZER_NONNULL = YES;
				CLANG_ANALYZER_NUMBER_OBJECT_CONVERSION = YES_AGGRESSIVE;
				CLANG_CXX_LANGUAGE_STANDARD = "gnu++20";
				CLANG_ENABLE_MODULES = YES;
				CLANG_ENABLE_OBJC_ARC = YES;
				CLANG_ENABLE_OBJC_WEAK = YES;
				CLANG_WARN_BLOCK_CAPTURE_AUTORELEASING = YES;
				CLANG_WARN_BOOL_CONVERSION = YES;
				CLANG_WARN_COMMA = YES;
				CLANG_WARN_CONSTANT_CONVERSION = YES;
				CLANG_WARN_DEPRECATED_OBJC_IMPLEMENTATIONS = YES;
				CLANG_WARN_DIRECT_OBJC_ISA_USAGE = YES_ERROR;
				CLANG_WARN_DOCUMENTATION_COMMENTS = YES;
				CLANG_WARN_EMPTY_BODY = YES;
				CLANG_WARN_ENUM_CONVERSION = YES;
				CLANG_WARN_INFINITE_RECURSION = YES;
				CLANG_WARN_INT_CONVERSION = YES;
				CLANG_WARN_NON_LITERAL_NULL_CONVERSION = YES;
				CLANG_WARN_OBJC_IMPLICIT_RETAIN_SELF = YES;
				CLANG_WARN_OBJC_LITERAL_CONVERSION = YES;
				CLANG_WARN_OBJC_ROOT_CLASS = YES_ERROR;
				CLANG_WARN_QUOTED_INCLUDE_IN_FRAMEWORK_HEADER = YES;
				CLANG_WARN_RANGE_LOOP_ANALYSIS = YES;
				CLANG_WARN_STRICT_PROTOTYPES = YES;
				CLANG_WARN_SUSPICIOUS_MOVE = YES;
				CLANG_WARN_UNGUARDED_AVAILABILITY = YES_AGGRESSIVE;
				CLANG_WARN_UNREACHABLE_CODE = YES;
				CLANG_WARN__DUPLICATE_METHOD_MATCH = YES;
				COPY_PHASE_STRIP = NO;
				DEBUG_INFORMATION_FORMAT = dwarf;
				ENABLE_STRICT_OBJC_MSGSEND = YES;
				ENABLE_TESTABILITY = YES;
				ENABLE_USER_SCRIPT_SANDBOXING = YES;
				GCC_C_LANGUAGE_STANDARD = gnu17;
				GCC_DYNAMIC_NO_PIC = NO;
				GCC_NO_COMMON_BLOCKS = YES;
				GCC_OPTIMIZATION_LEVEL = 0;
				GCC_PREPROCESSOR_DEFINITIONS = (
					"DEBUG=1",
					"$(inherited)",
				);
				GCC_WARN_64_TO_32_BIT_CONVERSION = YES;
				GCC_WARN_ABOUT_RETURN_TYPE = YES_ERROR;
				GCC_WARN_UNDECLARED_SELECTOR = YES;
				GCC_WARN_UNINITIALIZED_AUTOS = YES_AGGRESSIVE;
				GCC_WARN_UNUSED_FUNCTION = YES;
				GCC_WARN_UNUSED_VARIABLE = YES;
				IPHONEOS_DEPLOYMENT_TARGET = 26.0;
				LOCALIZATION_PREFERS_STRING_CATALOGS = YES;
				MTL_ENABLE_DEBUG_INFO = INCLUDE_SOURCE;
				MTL_FAST_MATH = YES;
				ONLY_ACTIVE_ARCH = YES;
				SDKROOT = iphoneos;
				SWIFT_ACTIVE_COMPILATION_CONDITIONS = "DEBUG $(inherited)";
				SWIFT_OPTIMIZATION_LEVEL = "-Onone";
			};
			name = Debug;
		};
		01BC1D6F2EAF7DBF00CE866E /* Release */ = {
			isa = XCBuildConfiguration;
			buildSettings = {
				ALWAYS_SEARCH_USER_PATHS = NO;
				ASSETCATALOG_COMPILER_GENERATE_SWIFT_ASSET_SYMBOL_EXTENSIONS = YES;
				CLANG_ANALYZER_NONNULL = YES;
				CLANG_ANALYZER_NUMBER_OBJECT_CONVERSION = YES_AGGRESSIVE;
				CLANG_CXX_LANGUAGE_STANDARD = "gnu++20";
				CLANG_ENABLE_MODULES = YES;
				CLANG_ENABLE_OBJC_ARC = YES;
				CLANG_ENABLE_OBJC_WEAK = YES;
				CLANG_WARN_BLOCK_CAPTURE_AUTORELEASING = YES;
				CLANG_WARN_BOOL_CONVERSION = YES;
				CLANG_WARN_COMMA = YES;
				CLANG_WARN_CONSTANT_CONVERSION = YES;
				CLANG_WARN_DEPRECATED_OBJC_IMPLEMENTATIONS = YES;
				CLANG_WARN_DIRECT_OBJC_ISA_USAGE = YES_ERROR;
				CLANG_WARN_DOCUMENTATION_COMMENTS = YES;
				CLANG_WARN_EMPTY_BODY = YES;
				CLANG_WARN_ENUM_CONVERSION = YES;
				CLANG_WARN_INFINITE_RECURSION = YES;
				CLANG_WARN_INT_CONVERSION = YES;
				CLANG_WARN_NON_LITERAL_NULL_CONVERSION = YES;
				CLANG_WARN_OBJC_IMPLICIT_RETAIN_SELF = YES;
				CLANG_WARN_OBJC_LITERAL_CONVERSION = YES;
				CLANG_WARN_OBJC_ROOT_CLASS = YES_ERROR;
				CLANG_WARN_QUOTED_INCLUDE_IN_FRAMEWORK_HEADER = YES;
				CLANG_WARN_RANGE_LOOP_ANALYSIS = YES;
				CLANG_WARN_STRICT_PROTOTYPES = YES;
				CLANG_WARN_SUSPICIOUS_MOVE = YES;
				CLANG_WARN_UNGUARDED_AVAILABILITY = YES_AGGRESSIVE;
				CLANG_WARN_UNREACHABLE_CODE = YES;
				CLANG_WARN__DUPLICATE_METHOD_MATCH = YES;
				COPY_PHASE_STRIP = NO;
				DEBUG_INFORMATION_FORMAT = "dwarf-with-dsym";
				ENABLE_NS_ASSERTIONS = NO;
				ENABLE_STRICT_OBJC_MSGSEND = YES;
				ENABLE_USER_SCRIPT_SANDBOXING = YES;
				GCC_C_LANGUAGE_STANDARD = gnu17;
				GCC_NO_COMMON_BLOCKS = YES;
				GCC_WARN_64_TO_32_BIT_CONVERSION = YES;
				GCC_WARN_ABOUT_RETURN_TYPE = YES_ERROR;
				GCC_WARN_UNDECLARED_SELECTOR = YES;
				GCC_WARN_UNINITIALIZED_AUTOS = YES_AGGRESSIVE;
				GCC_WARN_UNUSED_FUNCTION = YES;
				GCC_WARN_UNUSED_VARIABLE = YES;
				IPHONEOS_DEPLOYMENT_TARGET = 26.0;
				LOCALIZATION_PREFERS_STRING_CATALOGS = YES;
				MTL_ENABLE_DEBUG_INFO = NO;
				MTL_FAST_MATH = YES;
				SDKROOT = iphoneos;
				SWIFT_COMPILATION_MODE = wholemodule;
				VALIDATE_PRODUCT = YES;
			};
			name = Release;
		};
		01BC1D712EAF7DBF00CE866E /* Debug */ = {
			isa = XCBuildConfiguration;
			buildSettings = {
				ASSETCATALOG_COMPILER_APPICON_NAME = mftalkicon;
				ASSETCATALOG_COMPILER_GLOBAL_ACCENT_COLOR_NAME = AccentColor;
				CLANG_WARN_FRAMEWORK_INCLUDE_PRIVATE_FROM_PUBLIC = YES;
				CODE_SIGN_STYLE = Automatic;
				CURRENT_PROJECT_VERSION = 1;
				DEFINES_MODULE = YES;
				DEVELOPMENT_TEAM = A65N3N386A;
				ENABLE_APP_SANDBOX = YES;
				ENABLE_HARDENED_RUNTIME = YES;
				ENABLE_OUTGOING_NETWORK_CONNECTIONS = YES;
				ENABLE_PREVIEWS = YES;
				GCC_WARN_UNKNOWN_PRAGMAS = YES;
				GENERATE_INFOPLIST_FILE = YES;
				INFOPLIST_KEY_CFBundleDisplayName = MFTalk;
				INFOPLIST_KEY_LSApplicationCategoryType = "public.app-category.social-networking";
				INFOPLIST_KEY_UIApplicationSceneManifest_Generation = YES;
				INFOPLIST_KEY_UIApplicationSupportsIndirectInputEvents = YES;
				INFOPLIST_KEY_UILaunchScreen_Generation = YES;
				INFOPLIST_KEY_UISupportedInterfaceOrientations_iPad = "UIInterfaceOrientationPortrait UIInterfaceOrientationPortraitUpsideDown UIInterfaceOrientationLandscapeLeft UIInterfaceOrientationLandscapeRight";
				INFOPLIST_KEY_UISupportedInterfaceOrientations_iPhone = "UIInterfaceOrientationPortrait UIInterfaceOrientationLandscapeLeft UIInterfaceOrientationLandscapeRight";
				LD_RUNPATH_SEARCH_PATHS = (
					"$(inherited)",
					"@executable_path/Frameworks",
				);
				MARKETING_VERSION = 1.0;
				PRODUCT_BUNDLE_IDENTIFIER = MFTalk.MFTalk;
				PRODUCT_NAME = "$(TARGET_NAME)";
				REGISTER_APP_GROUPS = YES;
				SCAN_ALL_SOURCE_FILES_FOR_INCLUDES = YES;
				STRING_CATALOG_GENERATE_SYMBOLS = YES;
				SUPPORTED_PLATFORMS = "iphoneos iphonesimulator macosx";
				SUPPORTS_MACCATALYST = NO;
				SUPPORTS_MAC_DESIGNED_FOR_IPHONE_IPAD = NO;
				SUPPORTS_XR_DESIGNED_FOR_IPHONE_IPAD = NO;
				SWIFT_APPROACHABLE_CONCURRENCY = YES;
				SWIFT_DEFAULT_ACTOR_ISOLATION = MainActor;
				SWIFT_EMIT_LOC_STRINGS = YES;
				"SWIFT_OBJC_BRIDGING_HEADER[arch=*]" = bridge.h;
				SWIFT_UPCOMING_FEATURE_MEMBER_IMPORT_VISIBILITY = YES;
				SWIFT_VERSION = 5.0;
				TARGETED_DEVICE_FAMILY = "1,2";
			};
			name = Debug;
		};
		01BC1D722EAF7DBF00CE866E /* Release */ = {
			isa = XCBuildConfiguration;
			buildSettings = {
				ASSETCATALOG_COMPILER_APPICON_NAME = mftalkicon;
				ASSETCATALOG_COMPILER_GLOBAL_ACCENT_COLOR_NAME = AccentColor;
				CLANG_WARN_FRAMEWORK_INCLUDE_PRIVATE_FROM_PUBLIC = YES;
				CODE_SIGN_STYLE = Automatic;
				CURRENT_PROJECT_VERSION = 1;
				DEFINES_MODULE = YES;
				DEVELOPMENT_TEAM = A65N3N386A;
				ENABLE_PREVIEWS = YES;
				GCC_WARN_UNKNOWN_PRAGMAS = YES;
				GENERATE_INFOPLIST_FILE = YES;
				INFOPLIST_KEY_CFBundleDisplayName = MFTalk;
				INFOPLIST_KEY_LSApplicationCategoryType = "public.app-category.social-networking";
				INFOPLIST_KEY_UIApplicationSceneManifest_Generation = YES;
				INFOPLIST_KEY_UIApplicationSupportsIndirectInputEvents = YES;
				INFOPLIST_KEY_UILaunchScreen_Generation = YES;
				INFOPLIST_KEY_UISupportedInterfaceOrientations_iPad = "UIInterfaceOrientationPortrait UIInterfaceOrientationPortraitUpsideDown UIInterfaceOrientationLandscapeLeft UIInterfaceOrientationLandscapeRight";
				INFOPLIST_KEY_UISupportedInterfaceOrientations_iPhone = "UIInterfaceOrientationPortrait UIInterfaceOrientationLandscapeLeft UIInterfaceOrientationLandscapeRight";
				LD_RUNPATH_SEARCH_PATHS = (
					"$(inherited)",
					"@executable_path/Frameworks",
				);
				MARKETING_VERSION = 1.0;
				PRODUCT_BUNDLE_IDENTIFIER = MFTalk.MFTalk;
				PRODUCT_NAME = "$(TARGET_NAME)";
				SCAN_ALL_SOURCE_FILES_FOR_INCLUDES = YES;
				STRING_CATALOG_GENERATE_SYMBOLS = YES;
				SUPPORTED_PLATFORMS = "iphoneos iphonesimulator macosx";
				SUPPORTS_MACCATALYST = NO;
				SUPPORTS_MAC_DESIGNED_FOR_IPHONE_IPAD = NO;
				SUPPORTS_XR_DESIGNED_FOR_IPHONE_IPAD = NO;
				SWIFT_APPROACHABLE_CONCURRENCY = YES;
				SWIFT_DEFAULT_ACTOR_ISOLATION = MainActor;
				SWIFT_EMIT_LOC_STRINGS = YES;
				"SWIFT_OBJC_BRIDGING_HEADER[arch=*]" = bridge.h;
				SWIFT_UPCOMING_FEATURE_MEMBER_IMPORT_VISIBILITY = YES;
				SWIFT_VERSION = 5.0;
				TARGETED_DEVICE_FAMILY = "1,2";
			};
			name = Release;
		};
		01BC1D742EAF7DBF00CE866E /* Debug */ = {
			isa = XCBuildConfiguration;
			buildSettings = {
				BUNDLE_LOADER = "$(TEST_HOST)";
				CODE_SIGN_STYLE = Automatic;
				CURRENT_PROJECT_VERSION = 1;
				GENERATE_INFOPLIST_FILE = YES;
				IPHONEOS_DEPLOYMENT_TARGET = 26.0;
				MARKETING_VERSION = 1.0;
				PRODUCT_BUNDLE_IDENTIFIER = MFTalk.MFTalkTests;
				PRODUCT_NAME = "$(TARGET_NAME)";
				STRING_CATALOG_GENERATE_SYMBOLS = NO;
				SWIFT_APPROACHABLE_CONCURRENCY = YES;
				SWIFT_EMIT_LOC_STRINGS = NO;
				SWIFT_UPCOMING_FEATURE_MEMBER_IMPORT_VISIBILITY = YES;
				SWIFT_VERSION = 5.0;
				TARGETED_DEVICE_FAMILY = "1,2";
				TEST_HOST = "$(BUILT_PRODUCTS_DIR)/MFTalk.app/$(BUNDLE_EXECUTABLE_FOLDER_PATH)/MFTalk";
			};
			name = Debug;
		};
		01BC1D752EAF7DBF00CE866E /* Release */ = {
			isa = XCBuildConfiguration;
			buildSettings = {
				BUNDLE_LOADER = "$(TEST_HOST)";
				CODE_SIGN_STYLE = Automatic;
				CURRENT_PROJECT_VERSION = 1;
				GENERATE_INFOPLIST_FILE = YES;
				IPHONEOS_DEPLOYMENT_TARGET = 26.0;
				MARKETING_VERSION = 1.0;
				PRODUCT_BUNDLE_IDENTIFIER = MFTalk.MFTalkTests;
				PRODUCT_NAME = "$(TARGET_NAME)";
				STRING_CATALOG_GENERATE_SYMBOLS = NO;
				SWIFT_APPROACHABLE_CONCURRENCY = YES;
				SWIFT_EMIT_LOC_STRINGS = NO;
				SWIFT_UPCOMING_FEATURE_MEMBER_IMPORT_VISIBILITY = YES;
				SWIFT_VERSION = 5.0;
				TARGETED_DEVICE_FAMILY = "1,2";
				TEST_HOST = "$(BUILT_PRODUCTS_DIR)/MFTalk.app/$(BUNDLE_EXECUTABLE_FOLDER_PATH)/MFTalk";
			};
			name = Release;
		};
		01BC1D772EAF7DBF00CE866E /* Debug */ = {
			isa = XCBuildConfiguration;
			buildSettings = {
				CODE_SIGN_STYLE = Automatic;
				CURRENT_PROJECT_VERSION = 1;
				GENERATE_INFOPLIST_FILE = YES;
				MARKETING_VERSION = 1.0;
				PRODUCT_BUNDLE_IDENTIFIER = MFTalk.MFTalkUITests;
				PRODUCT_NAME = "$(TARGET_NAME)";
				STRING_CATALOG_GENERATE_SYMBOLS = NO;
				SUPPORTED_PLATFORMS = "iphoneos iphonesimulator";
				SUPPORTS_MACCATALYST = NO;
				SUPPORTS_MAC_DESIGNED_FOR_IPHONE_IPAD = NO;
				SWIFT_APPROACHABLE_CONCURRENCY = YES;
				SWIFT_EMIT_LOC_STRINGS = NO;
				SWIFT_UPCOMING_FEATURE_MEMBER_IMPORT_VISIBILITY = YES;
				SWIFT_VERSION = 5.0;
				TARGETED_DEVICE_FAMILY = "1,2";
				TEST_TARGET_NAME = MFTalk;
			};
			name = Debug;
		};
		01BC1D782EAF7DBF00CE866E /* Release */ = {
			isa = XCBuildConfiguration;
			buildSettings = {
				CODE_SIGN_STYLE = Automatic;
				CURRENT_PROJECT_VERSION = 1;
				GENERATE_INFOPLIST_FILE = YES;
				MARKETING_VERSION = 1.0;
				PRODUCT_BUNDLE_IDENTIFIER = MFTalk.MFTalkUITests;
				PRODUCT_NAME = "$(TARGET_NAME)";
				STRING_CATALOG_GENERATE_SYMBOLS = NO;
				SUPPORTED_PLATFORMS = "iphoneos iphonesimulator";
				SUPPORTS_MACCATALYST = NO;
				SUPPORTS_MAC_DESIGNED_FOR_IPHONE_IPAD = NO;
				SWIFT_APPROACHABLE_CONCURRENCY = YES;
				SWIFT_EMIT_LOC_STRINGS = NO;
				SWIFT_UPCOMING_FEATURE_MEMBER_IMPORT_VISIBILITY = YES;
				SWIFT_VERSION = 5.0;
				TARGETED_DEVICE_FAMILY = "1,2";
				TEST_TARGET_NAME = MFTalk;
			};
			name = Release;
		};
/* End XCBuildConfiguration section */

/* Begin XCConfigurationList section */
		01BC1D482EAF7DBB00CE866E /* Build configuration list for PBXProject "MFTalk" */ = {
			isa = XCConfigurationList;
			buildConfigurations = (
				01BC1D6E2EAF7DBF00CE866E /* Debug */,
				01BC1D6F2EAF7DBF00CE866E /* Release */,
			);
			defaultConfigurationIsVisible = 0;
			defaultConfigurationName = Release;
		};
		01BC1D702EAF7DBF00CE866E /* Build configuration list for PBXNativeTarget "MFTalk" */ = {
			isa = XCConfigurationList;
			buildConfigurations = (
				01BC1D712EAF7DBF00CE866E /* Debug */,
				01BC1D722EAF7DBF00CE866E /* Release */,
			);
			defaultConfigurationIsVisible = 0;
			defaultConfigurationName = Release;
		};
		01BC1D732EAF7DBF00CE866E /* Build configuration list for PBXNativeTarget "MFTalkTests" */ = {
			isa = XCConfigurationList;
			buildConfigurations = (
				01BC1D742EAF7DBF00CE866E /* Debug */,
				01BC1D752EAF7DBF00CE866E /* Release */,
			);
			defaultConfigurationIsVisible = 0;
			defaultConfigurationName = Release;
		};
		01BC1D762EAF7DBF00CE866E /* Build configuration list for PBXNativeTarget "MFTalkUITests" */ = {
			isa = XCConfigurationList;
			buildConfigurations = (
				01BC1D772EAF7DBF00CE866E /* Debug */,
				01BC1D782EAF7DBF00CE866E /* Release */,
			);
			defaultConfigurationIsVisible = 0;
			defaultConfigurationName = Release;
		};
/* End XCConfigurationList section */
	};
	rootObject = 01BC1D452EAF7DBB00CE866E /* Project object */;
}
